
Microsoft Visual Studio Solution File, Format Version 12.00
# Visual Studio Version 17
VisualStudioVersion = 17.11.35327.3
MinimumVisualStudioVersion = 10.0.40219.1
Project("{9A19103F-16F7-4668-BE54-9A1E7A4F7556}") = "MoreSpears", "MoreSpears.csproj", "{D4DFF029-EC9C-47A0-B576-45C173497579}"
EndProject
Global
	GlobalSection(SolutionConfigurationPlatforms) = preSolution
		Debug|Any CPU = Debug|Any CPU
		Mod|Any CPU = Mod|Any CPU
		Release|Any CPU = Release|Any CPU
	EndGlobalSection
	GlobalSection(ProjectConfigurationPlatforms) = postSolution
		{D4DFF029-EC9C-47A0-B576-45C173497579}.Debug|Any CPU.ActiveCfg = Debug|Any CPU
		{D4DFF029-EC9C-47A0-B576-45C173497579}.Debug|Any CPU.Build.0 = Debug|Any CPU
		{D4DFF029-EC9C-47A0-B576-45C173497579}.Mod|Any CPU.ActiveCfg = Mod|Any CPU
		{D4DFF029-EC9C-47A0-B576-45C173497579}.Mod|Any CPU.Build.0 = Mod|Any CPU
		{D4DFF029-EC9C-47A0-B576-45C173497579}.Release|Any CPU.ActiveCfg = Release|Any CPU
		{D4DFF029-EC9C-47A0-B576-45C173497579}.Release|Any CPU.Build.0 = Release|Any CPU
	EndGlobalSection
	GlobalSection(SolutionProperties) = preSolution
		HideSolutionNode = FALSE
	EndGlobalSection
	GlobalSection(ExtensibilityGlobals) = postSolution
		SolutionGuid = {E06277FD-D966-4FCC-A9C2-09AC72ABD591}
	EndGlobalSection
EndGlobal
